{
  "version": 4,
  "terraform_version": "1.3.7",
  "serial": 11,
  "lineage": "e2a8c5a5-5a40-803d-0016-e3bd6a4641b4",
  "outputs": {},
  "resources": [
    {
      "mode": "managed",
      "type": "aws_iam_user",
      "name": "my_iam_user",
      "provider": "provider[\"registry.terraform.io/hashicorp/aws\"]",
      "instances": [
        {
          "index_key": 0,
          "schema_version": 0,
          "attributes": {
            "arn": "arn:aws:iam::127680565226:user/my_iam_user_name0",
            "force_destroy": false,
            "id": "my_iam_user_name0",
            "name": "my_iam_user_name0",
            "path": "/",
            "permissions_boundary": null,
            "tags": {},
            "tags_all": {},
            "unique_id": "AIDAR3OS2Z7VFTLWZMRNF"
          },
          "sensitive_attributes": [],
          "private": "bnVsbA=="
        },
        {
          "index_key": 1,
          "schema_version": 0,
          "attributes": {
            "arn": "arn:aws:iam::127680565226:user/my_iam_user_name1",
            "force_destroy": false,
            "id": "my_iam_user_name1",
            "name": "my_iam_user_name1",
            "path": "/",
            "permissions_boundary": null,
            "tags": {},
            "tags_all": {},
            "unique_id": "AIDAR3OS2Z7VMPRSQUO4B"
          },
          "sensitive_attributes": [],
          "private": "bnVsbA=="
        },
        {
          "index_key": 2,
          "schema_version": 0,
          "attributes": {
            "arn": "arn:aws:iam::127680565226:user/my_iam_user_name2",
            "force_destroy": false,
            "id": "my_iam_user_name2",
            "name": "my_iam_user_name2",
            "path": "/",
            "permissions_boundary": null,
            "tags": {},
            "tags_all": {},
            "unique_id": "AIDAR3OS2Z7VF3T27PKRO"
          },
          "sensitive_attributes": [],
          "private": "bnVsbA=="
        }
      ]
    }
  ],
  "check_results": null
}
