{
  "version": 4,
  "terraform_version": "1.3.7",
  "serial": 3,
  "lineage": "fe616e26-cde8-6344-1cab-e0c6665e93ec",
  "outputs": {},
  "resources": [
    {
      "mode": "data",
      "type": "aws_subnet_ids",
      "name": "default_subnets",
      "provider": "provider[\"registry.terraform.io/hashicorp/aws\"]",
      "instances": [
        {
          "schema_version": 0,
          "attributes": {
            "filter": null,
            "id": "vpc-0cbf4d5bd8930bc20",
            "ids": [
              "subnet-02e168396355ea485",
              "subnet-034eda8166aad9e7a",
              "subnet-04025a05cb69d8446",
              "subnet-0549160272ef1707d",
              "subnet-05ff0ff2db62ebf3f",
              "subnet-06cff642cde85d955"
            ],
            "tags": null,
            "timeouts": null,
            "vpc_id": "vpc-0cbf4d5bd8930bc20"
          },
          "sensitive_attributes": []
        }
      ]
    },
    {
      "mode": "managed",
      "type": "aws_default_vpc",
      "name": "default",
      "provider": "provider[\"registry.terraform.io/hashicorp/aws\"]",
      "instances": [
        {
          "schema_version": 1,
          "attributes": {
            "arn": "arn:aws:ec2:us-east-1:127680565226:vpc/vpc-0cbf4d5bd8930bc20",
            "assign_generated_ipv6_cidr_block": false,
            "cidr_block": "172.31.0.0/16",
            "default_network_acl_id": "acl-02eb359c70a709f1e",
            "default_route_table_id": "rtb-012e7b08e37b5d66c",
            "default_security_group_id": "sg-0d91deb0b3d81f131",
            "dhcp_options_id": "dopt-0dc7efd7644fe02ee",
            "enable_classiclink": false,
            "enable_classiclink_dns_support": false,
            "enable_dns_hostnames": true,
            "enable_dns_support": true,
            "enable_network_address_usage_metrics": true,
            "existing_default_vpc": true,
            "force_destroy": false,
            "id": "vpc-0cbf4d5bd8930bc20",
            "instance_tenancy": "default",
            "ipv6_association_id": "",
            "ipv6_cidr_block": "",
            "ipv6_cidr_block_network_border_group": "",
            "ipv6_ipam_pool_id": "",
            "ipv6_netmask_length": 0,
            "main_route_table_id": "rtb-012e7b08e37b5d66c",
            "owner_id": "127680565226",
            "tags": null,
            "tags_all": {}
          },
          "sensitive_attributes": [],
          "private": "eyJzY2hlbWFfdmVyc2lvbiI6IjEifQ=="
        }
      ]
    }
  ],
  "check_results": null
}
