{
  "version": 4,
  "terraform_version": "1.3.7",
  "serial": 11,
  "lineage": "fe616e26-cde8-6344-1cab-e0c6665e93ec",
  "outputs": {
    "aws_security_group_http_server_details": {
      "value": {
        "arn": "arn:aws:ec2:us-east-1:127680565226:security-group/sg-0f75216bf94536122",
        "description": "Managed by Terraform",
        "egress": [
          {
            "cidr_blocks": [
              "0.0.0.0/0"
            ],
            "description": "",
            "from_port": 0,
            "ipv6_cidr_blocks": [],
            "prefix_list_ids": [],
            "protocol": "-1",
            "security_groups": [],
            "self": false,
            "to_port": 0
          }
        ],
        "id": "sg-0f75216bf94536122",
        "ingress": [
          {
            "cidr_blocks": [
              "0.0.0.0/0"
            ],
            "description": "",
            "from_port": 22,
            "ipv6_cidr_blocks": [],
            "prefix_list_ids": [],
            "protocol": "tcp",
            "security_groups": [],
            "self": false,
            "to_port": 22
          },
          {
            "cidr_blocks": [
              "0.0.0.0/0"
            ],
            "description": "",
            "from_port": 80,
            "ipv6_cidr_blocks": [],
            "prefix_list_ids": [],
            "protocol": "tcp",
            "security_groups": [],
            "self": false,
            "to_port": 80
          }
        ],
        "name": "http_server_sg",
        "name_prefix": "",
        "owner_id": "127680565226",
        "revoke_rules_on_delete": false,
        "tags": {
          "name": "http_server_sg"
        },
        "tags_all": {
          "name": "http_server_sg"
        },
        "timeouts": null,
        "vpc_id": "vpc-0cbf4d5bd8930bc20"
      },
      "type": [
        "object",
        {
          "arn": "string",
          "description": "string",
          "egress": [
            "set",
            [
              "object",
              {
                "cidr_blocks": [
                  "list",
                  "string"
                ],
                "description": "string",
                "from_port": "number",
                "ipv6_cidr_blocks": [
                  "list",
                  "string"
                ],
                "prefix_list_ids": [
                  "list",
                  "string"
                ],
                "protocol": "string",
                "security_groups": [
                  "set",
                  "string"
                ],
                "self": "bool",
                "to_port": "number"
              }
            ]
          ],
          "id": "string",
          "ingress": [
            "set",
            [
              "object",
              {
                "cidr_blocks": [
                  "list",
                  "string"
                ],
                "description": "string",
                "from_port": "number",
                "ipv6_cidr_blocks": [
                  "list",
                  "string"
                ],
                "prefix_list_ids": [
                  "list",
                  "string"
                ],
                "protocol": "string",
                "security_groups": [
                  "set",
                  "string"
                ],
                "self": "bool",
                "to_port": "number"
              }
            ]
          ],
          "name": "string",
          "name_prefix": "string",
          "owner_id": "string",
          "revoke_rules_on_delete": "bool",
          "tags": [
            "map",
            "string"
          ],
          "tags_all": [
            "map",
            "string"
          ],
          "timeouts": [
            "object",
            {
              "create": "string",
              "delete": "string"
            }
          ],
          "vpc_id": "string"
        }
      ]
    },
    "http_server_public_dns": {
      "value": {
        "subnet-02e168396355ea485": {
          "ami": "ami-0fe472d8a85bc7b0e",
          "arn": "arn:aws:ec2:us-east-1:127680565226:instance/i-0a1093d40b9024241",
          "associate_public_ip_address": true,
          "availability_zone": "us-east-1b",
          "capacity_reservation_specification": [
            {
              "capacity_reservation_preference": "open",
              "capacity_reservation_target": []
            }
          ],
          "cpu_core_count": 1,
          "cpu_threads_per_core": 1,
          "credit_specification": [
            {
              "cpu_credits": "standard"
            }
          ],
          "disable_api_stop": false,
          "disable_api_termination": false,
          "ebs_block_device": [],
          "ebs_optimized": false,
          "enclave_options": [
            {
              "enabled": false
            }
          ],
          "ephemeral_block_device": [],
          "get_password_data": false,
          "hibernation": false,
          "host_id": null,
          "host_resource_group_arn": null,
          "iam_instance_profile": "",
          "id": "i-0a1093d40b9024241",
          "instance_initiated_shutdown_behavior": "stop",
          "instance_state": "running",
          "instance_type": "t2.micro",
          "ipv6_address_count": 0,
          "ipv6_addresses": [],
          "key_name": "ausc",
          "launch_template": [],
          "maintenance_options": [
            {
              "auto_recovery": "default"
            }
          ],
          "metadata_options": [
            {
              "http_endpoint": "enabled",
              "http_put_response_hop_limit": 1,
              "http_tokens": "optional",
              "instance_metadata_tags": "disabled"
            }
          ],
          "monitoring": false,
          "network_interface": [],
          "outpost_arn": "",
          "password_data": "",
          "placement_group": "",
          "placement_partition_number": null,
          "primary_network_interface_id": "eni-03f328c3305557b58",
          "private_dns": "ip-172-31-4-141.ec2.internal",
          "private_dns_name_options": [
            {
              "enable_resource_name_dns_a_record": false,
              "enable_resource_name_dns_aaaa_record": false,
              "hostname_type": "ip-name"
            }
          ],
          "private_ip": "172.31.4.141",
          "public_dns": "ec2-44-204-95-31.compute-1.amazonaws.com",
          "public_ip": "44.204.95.31",
          "root_block_device": [
            {
              "delete_on_termination": true,
              "device_name": "/dev/xvda",
              "encrypted": false,
              "iops": 100,
              "kms_key_id": "",
              "tags": {},
              "throughput": 0,
              "volume_id": "vol-0761f65e8a027d771",
              "volume_size": 8,
              "volume_type": "gp2"
            }
          ],
          "secondary_private_ips": [],
          "security_groups": [
            "http_server_sg"
          ],
          "source_dest_check": true,
          "subnet_id": "subnet-02e168396355ea485",
          "tags": {
            "name": "http_servers_subnet-02e168396355ea485"
          },
          "tags_all": {
            "name": "http_servers_subnet-02e168396355ea485"
          },
          "tenancy": "default",
          "timeouts": null,
          "user_data": null,
          "user_data_base64": null,
          "user_data_replace_on_change": false,
          "volume_tags": null,
          "vpc_security_group_ids": [
            "sg-0f75216bf94536122"
          ]
        },
        "subnet-034eda8166aad9e7a": {
          "ami": "ami-0fe472d8a85bc7b0e",
          "arn": "arn:aws:ec2:us-east-1:127680565226:instance/i-02f88e20411473888",
          "associate_public_ip_address": true,
          "availability_zone": "us-east-1a",
          "capacity_reservation_specification": [
            {
              "capacity_reservation_preference": "open",
              "capacity_reservation_target": []
            }
          ],
          "cpu_core_count": 1,
          "cpu_threads_per_core": 1,
          "credit_specification": [
            {
              "cpu_credits": "standard"
            }
          ],
          "disable_api_stop": false,
          "disable_api_termination": false,
          "ebs_block_device": [],
          "ebs_optimized": false,
          "enclave_options": [
            {
              "enabled": false
            }
          ],
          "ephemeral_block_device": [],
          "get_password_data": false,
          "hibernation": false,
          "host_id": null,
          "host_resource_group_arn": null,
          "iam_instance_profile": "",
          "id": "i-02f88e20411473888",
          "instance_initiated_shutdown_behavior": "stop",
          "instance_state": "running",
          "instance_type": "t2.micro",
          "ipv6_address_count": 0,
          "ipv6_addresses": [],
          "key_name": "ausc",
          "launch_template": [],
          "maintenance_options": [
            {
              "auto_recovery": "default"
            }
          ],
          "metadata_options": [
            {
              "http_endpoint": "enabled",
              "http_put_response_hop_limit": 1,
              "http_tokens": "optional",
              "instance_metadata_tags": "disabled"
            }
          ],
          "monitoring": false,
          "network_interface": [],
          "outpost_arn": "",
          "password_data": "",
          "placement_group": "",
          "placement_partition_number": null,
          "primary_network_interface_id": "eni-07686df299f734060",
          "private_dns": "ip-172-31-32-198.ec2.internal",
          "private_dns_name_options": [
            {
              "enable_resource_name_dns_a_record": false,
              "enable_resource_name_dns_aaaa_record": false,
              "hostname_type": "ip-name"
            }
          ],
          "private_ip": "172.31.32.198",
          "public_dns": "ec2-54-234-14-150.compute-1.amazonaws.com",
          "public_ip": "54.234.14.150",
          "root_block_device": [
            {
              "delete_on_termination": true,
              "device_name": "/dev/xvda",
              "encrypted": false,
              "iops": 100,
              "kms_key_id": "",
              "tags": {},
              "throughput": 0,
              "volume_id": "vol-01708407ab5d41fb2",
              "volume_size": 8,
              "volume_type": "gp2"
            }
          ],
          "secondary_private_ips": [],
          "security_groups": [
            "http_server_sg"
          ],
          "source_dest_check": true,
          "subnet_id": "subnet-034eda8166aad9e7a",
          "tags": {
            "name": "http_servers_subnet-034eda8166aad9e7a"
          },
          "tags_all": {
            "name": "http_servers_subnet-034eda8166aad9e7a"
          },
          "tenancy": "default",
          "timeouts": null,
          "user_data": null,
          "user_data_base64": null,
          "user_data_replace_on_change": false,
          "volume_tags": null,
          "vpc_security_group_ids": [
            "sg-0f75216bf94536122"
          ]
        },
        "subnet-04025a05cb69d8446": {
          "ami": "ami-0fe472d8a85bc7b0e",
          "arn": "arn:aws:ec2:us-east-1:127680565226:instance/i-078e5681a7e24c4bb",
          "associate_public_ip_address": true,
          "availability_zone": "us-east-1f",
          "capacity_reservation_specification": [
            {
              "capacity_reservation_preference": "open",
              "capacity_reservation_target": []
            }
          ],
          "cpu_core_count": 1,
          "cpu_threads_per_core": 1,
          "credit_specification": [
            {
              "cpu_credits": "standard"
            }
          ],
          "disable_api_stop": false,
          "disable_api_termination": false,
          "ebs_block_device": [],
          "ebs_optimized": false,
          "enclave_options": [
            {
              "enabled": false
            }
          ],
          "ephemeral_block_device": [],
          "get_password_data": false,
          "hibernation": false,
          "host_id": null,
          "host_resource_group_arn": null,
          "iam_instance_profile": "",
          "id": "i-078e5681a7e24c4bb",
          "instance_initiated_shutdown_behavior": "stop",
          "instance_state": "running",
          "instance_type": "t2.micro",
          "ipv6_address_count": 0,
          "ipv6_addresses": [],
          "key_name": "ausc",
          "launch_template": [],
          "maintenance_options": [
            {
              "auto_recovery": "default"
            }
          ],
          "metadata_options": [
            {
              "http_endpoint": "enabled",
              "http_put_response_hop_limit": 1,
              "http_tokens": "optional",
              "instance_metadata_tags": "disabled"
            }
          ],
          "monitoring": false,
          "network_interface": [],
          "outpost_arn": "",
          "password_data": "",
          "placement_group": "",
          "placement_partition_number": null,
          "primary_network_interface_id": "eni-09009fb566ee512be",
          "private_dns": "ip-172-31-76-216.ec2.internal",
          "private_dns_name_options": [
            {
              "enable_resource_name_dns_a_record": false,
              "enable_resource_name_dns_aaaa_record": false,
              "hostname_type": "ip-name"
            }
          ],
          "private_ip": "172.31.76.216",
          "public_dns": "ec2-44-192-29-163.compute-1.amazonaws.com",
          "public_ip": "44.192.29.163",
          "root_block_device": [
            {
              "delete_on_termination": true,
              "device_name": "/dev/xvda",
              "encrypted": false,
              "iops": 100,
              "kms_key_id": "",
              "tags": {},
              "throughput": 0,
              "volume_id": "vol-07eb5aa8642496af6",
              "volume_size": 8,
              "volume_type": "gp2"
            }
          ],
          "secondary_private_ips": [],
          "security_groups": [
            "http_server_sg"
          ],
          "source_dest_check": true,
          "subnet_id": "subnet-04025a05cb69d8446",
          "tags": {
            "name": "http_servers_subnet-04025a05cb69d8446"
          },
          "tags_all": {
            "name": "http_servers_subnet-04025a05cb69d8446"
          },
          "tenancy": "default",
          "timeouts": null,
          "user_data": null,
          "user_data_base64": null,
          "user_data_replace_on_change": false,
          "volume_tags": null,
          "vpc_security_group_ids": [
            "sg-0f75216bf94536122"
          ]
        },
        "subnet-0549160272ef1707d": {
          "ami": "ami-0fe472d8a85bc7b0e",
          "arn": "arn:aws:ec2:us-east-1:127680565226:instance/i-0ecb4bce8ebe1b7d5",
          "associate_public_ip_address": true,
          "availability_zone": "us-east-1c",
          "capacity_reservation_specification": [
            {
              "capacity_reservation_preference": "open",
              "capacity_reservation_target": []
            }
          ],
          "cpu_core_count": 1,
          "cpu_threads_per_core": 1,
          "credit_specification": [
            {
              "cpu_credits": "standard"
            }
          ],
          "disable_api_stop": false,
          "disable_api_termination": false,
          "ebs_block_device": [],
          "ebs_optimized": false,
          "enclave_options": [
            {
              "enabled": false
            }
          ],
          "ephemeral_block_device": [],
          "get_password_data": false,
          "hibernation": false,
          "host_id": null,
          "host_resource_group_arn": null,
          "iam_instance_profile": "",
          "id": "i-0ecb4bce8ebe1b7d5",
          "instance_initiated_shutdown_behavior": "stop",
          "instance_state": "running",
          "instance_type": "t2.micro",
          "ipv6_address_count": 0,
          "ipv6_addresses": [],
          "key_name": "ausc",
          "launch_template": [],
          "maintenance_options": [
            {
              "auto_recovery": "default"
            }
          ],
          "metadata_options": [
            {
              "http_endpoint": "enabled",
              "http_put_response_hop_limit": 1,
              "http_tokens": "optional",
              "instance_metadata_tags": "disabled"
            }
          ],
          "monitoring": false,
          "network_interface": [],
          "outpost_arn": "",
          "password_data": "",
          "placement_group": "",
          "placement_partition_number": null,
          "primary_network_interface_id": "eni-0d22f612509474b86",
          "private_dns": "ip-172-31-89-237.ec2.internal",
          "private_dns_name_options": [
            {
              "enable_resource_name_dns_a_record": false,
              "enable_resource_name_dns_aaaa_record": false,
              "hostname_type": "ip-name"
            }
          ],
          "private_ip": "172.31.89.237",
          "public_dns": "ec2-3-87-162-133.compute-1.amazonaws.com",
          "public_ip": "3.87.162.133",
          "root_block_device": [
            {
              "delete_on_termination": true,
              "device_name": "/dev/xvda",
              "encrypted": false,
              "iops": 100,
              "kms_key_id": "",
              "tags": {},
              "throughput": 0,
              "volume_id": "vol-039a2d217c7ff7e2b",
              "volume_size": 8,
              "volume_type": "gp2"
            }
          ],
          "secondary_private_ips": [],
          "security_groups": [
            "http_server_sg"
          ],
          "source_dest_check": true,
          "subnet_id": "subnet-0549160272ef1707d",
          "tags": {
            "name": "http_servers_subnet-0549160272ef1707d"
          },
          "tags_all": {
            "name": "http_servers_subnet-0549160272ef1707d"
          },
          "tenancy": "default",
          "timeouts": null,
          "user_data": null,
          "user_data_base64": null,
          "user_data_replace_on_change": false,
          "volume_tags": null,
          "vpc_security_group_ids": [
            "sg-0f75216bf94536122"
          ]
        },
        "subnet-05ff0ff2db62ebf3f": {
          "ami": "ami-0fe472d8a85bc7b0e",
          "arn": "arn:aws:ec2:us-east-1:127680565226:instance/i-0931d5fd9ddaa78ba",
          "associate_public_ip_address": true,
          "availability_zone": "us-east-1d",
          "capacity_reservation_specification": [
            {
              "capacity_reservation_preference": "open",
              "capacity_reservation_target": []
            }
          ],
          "cpu_core_count": 1,
          "cpu_threads_per_core": 1,
          "credit_specification": [
            {
              "cpu_credits": "standard"
            }
          ],
          "disable_api_stop": false,
          "disable_api_termination": false,
          "ebs_block_device": [],
          "ebs_optimized": false,
          "enclave_options": [
            {
              "enabled": false
            }
          ],
          "ephemeral_block_device": [],
          "get_password_data": false,
          "hibernation": false,
          "host_id": null,
          "host_resource_group_arn": null,
          "iam_instance_profile": "",
          "id": "i-0931d5fd9ddaa78ba",
          "instance_initiated_shutdown_behavior": "stop",
          "instance_state": "running",
          "instance_type": "t2.micro",
          "ipv6_address_count": 0,
          "ipv6_addresses": [],
          "key_name": "ausc",
          "launch_template": [],
          "maintenance_options": [
            {
              "auto_recovery": "default"
            }
          ],
          "metadata_options": [
            {
              "http_endpoint": "enabled",
              "http_put_response_hop_limit": 1,
              "http_tokens": "optional",
              "instance_metadata_tags": "disabled"
            }
          ],
          "monitoring": false,
          "network_interface": [],
          "outpost_arn": "",
          "password_data": "",
          "placement_group": "",
          "placement_partition_number": null,
          "primary_network_interface_id": "eni-06eb6fce4e20f3ae1",
          "private_dns": "ip-172-31-27-1.ec2.internal",
          "private_dns_name_options": [
            {
              "enable_resource_name_dns_a_record": false,
              "enable_resource_name_dns_aaaa_record": false,
              "hostname_type": "ip-name"
            }
          ],
          "private_ip": "172.31.27.1",
          "public_dns": "ec2-3-81-228-253.compute-1.amazonaws.com",
          "public_ip": "3.81.228.253",
          "root_block_device": [
            {
              "delete_on_termination": true,
              "device_name": "/dev/xvda",
              "encrypted": false,
              "iops": 100,
              "kms_key_id": "",
              "tags": {},
              "throughput": 0,
              "volume_id": "vol-09b82134cfa8b32df",
              "volume_size": 8,
              "volume_type": "gp2"
            }
          ],
          "secondary_private_ips": [],
          "security_groups": [
            "http_server_sg"
          ],
          "source_dest_check": true,
          "subnet_id": "subnet-05ff0ff2db62ebf3f",
          "tags": {
            "name": "http_servers_subnet-05ff0ff2db62ebf3f"
          },
          "tags_all": {
            "name": "http_servers_subnet-05ff0ff2db62ebf3f"
          },
          "tenancy": "default",
          "timeouts": null,
          "user_data": null,
          "user_data_base64": null,
          "user_data_replace_on_change": false,
          "volume_tags": null,
          "vpc_security_group_ids": [
            "sg-0f75216bf94536122"
          ]
        },
        "subnet-06cff642cde85d955": {
          "ami": "ami-0fe472d8a85bc7b0e",
          "arn": "arn:aws:ec2:us-east-1:127680565226:instance/i-071afd5b7bb1979d0",
          "associate_public_ip_address": true,
          "availability_zone": "us-east-1e",
          "capacity_reservation_specification": [
            {
              "capacity_reservation_preference": "open",
              "capacity_reservation_target": []
            }
          ],
          "cpu_core_count": 1,
          "cpu_threads_per_core": 1,
          "credit_specification": [
            {
              "cpu_credits": "standard"
            }
          ],
          "disable_api_stop": false,
          "disable_api_termination": false,
          "ebs_block_device": [],
          "ebs_optimized": false,
          "enclave_options": [
            {
              "enabled": false
            }
          ],
          "ephemeral_block_device": [],
          "get_password_data": false,
          "hibernation": false,
          "host_id": null,
          "host_resource_group_arn": null,
          "iam_instance_profile": "",
          "id": "i-071afd5b7bb1979d0",
          "instance_initiated_shutdown_behavior": "stop",
          "instance_state": "running",
          "instance_type": "t2.micro",
          "ipv6_address_count": 0,
          "ipv6_addresses": [],
          "key_name": "ausc",
          "launch_template": [],
          "maintenance_options": [
            {
              "auto_recovery": "default"
            }
          ],
          "metadata_options": [
            {
              "http_endpoint": "enabled",
              "http_put_response_hop_limit": 1,
              "http_tokens": "optional",
              "instance_metadata_tags": "disabled"
            }
          ],
          "monitoring": false,
          "network_interface": [],
          "outpost_arn": "",
          "password_data": "",
          "placement_group": "",
          "placement_partition_number": null,
          "primary_network_interface_id": "eni-03e7bf213b4a78827",
          "private_dns": "ip-172-31-53-32.ec2.internal",
          "private_dns_name_options": [
            {
              "enable_resource_name_dns_a_record": false,
              "enable_resource_name_dns_aaaa_record": false,
              "hostname_type": "ip-name"
            }
          ],
          "private_ip": "172.31.53.32",
          "public_dns": "ec2-54-152-135-185.compute-1.amazonaws.com",
          "public_ip": "54.152.135.185",
          "root_block_device": [
            {
              "delete_on_termination": true,
              "device_name": "/dev/xvda",
              "encrypted": false,
              "iops": 100,
              "kms_key_id": "",
              "tags": {},
              "throughput": 0,
              "volume_id": "vol-01a54e5c0de482c69",
              "volume_size": 8,
              "volume_type": "gp2"
            }
          ],
          "secondary_private_ips": [],
          "security_groups": [
            "http_server_sg"
          ],
          "source_dest_check": true,
          "subnet_id": "subnet-06cff642cde85d955",
          "tags": {
            "name": "http_servers_subnet-06cff642cde85d955"
          },
          "tags_all": {
            "name": "http_servers_subnet-06cff642cde85d955"
          },
          "tenancy": "default",
          "timeouts": null,
          "user_data": null,
          "user_data_base64": null,
          "user_data_replace_on_change": false,
          "volume_tags": null,
          "vpc_security_group_ids": [
            "sg-0f75216bf94536122"
          ]
        }
      },
      "type": [
        "object",
        {
          "subnet-02e168396355ea485": [
            "object",
            {
              "ami": "string",
              "arn": "string",
              "associate_public_ip_address": "bool",
              "availability_zone": "string",
              "capacity_reservation_specification": [
                "list",
                [
                  "object",
                  {
                    "capacity_reservation_preference": "string",
                    "capacity_reservation_target": [
                      "list",
                      [
                        "object",
                        {
                          "capacity_reservation_id": "string",
                          "capacity_reservation_resource_group_arn": "string"
                        }
                      ]
                    ]
                  }
                ]
              ],
              "cpu_core_count": "number",
              "cpu_threads_per_core": "number",
              "credit_specification": [
                "list",
                [
                  "object",
                  {
                    "cpu_credits": "string"
                  }
                ]
              ],
              "disable_api_stop": "bool",
              "disable_api_termination": "bool",
              "ebs_block_device": [
                "set",
                [
                  "object",
                  {
                    "delete_on_termination": "bool",
                    "device_name": "string",
                    "encrypted": "bool",
                    "iops": "number",
                    "kms_key_id": "string",
                    "snapshot_id": "string",
                    "tags": [
                      "map",
                      "string"
                    ],
                    "throughput": "number",
                    "volume_id": "string",
                    "volume_size": "number",
                    "volume_type": "string"
                  }
                ]
              ],
              "ebs_optimized": "bool",
              "enclave_options": [
                "list",
                [
                  "object",
                  {
                    "enabled": "bool"
                  }
                ]
              ],
              "ephemeral_block_device": [
                "set",
                [
                  "object",
                  {
                    "device_name": "string",
                    "no_device": "bool",
                    "virtual_name": "string"
                  }
                ]
              ],
              "get_password_data": "bool",
              "hibernation": "bool",
              "host_id": "string",
              "host_resource_group_arn": "string",
              "iam_instance_profile": "string",
              "id": "string",
              "instance_initiated_shutdown_behavior": "string",
              "instance_state": "string",
              "instance_type": "string",
              "ipv6_address_count": "number",
              "ipv6_addresses": [
                "list",
                "string"
              ],
              "key_name": "string",
              "launch_template": [
                "list",
                [
                  "object",
                  {
                    "id": "string",
                    "name": "string",
                    "version": "string"
                  }
                ]
              ],
              "maintenance_options": [
                "list",
                [
                  "object",
                  {
                    "auto_recovery": "string"
                  }
                ]
              ],
              "metadata_options": [
                "list",
                [
                  "object",
                  {
                    "http_endpoint": "string",
                    "http_put_response_hop_limit": "number",
                    "http_tokens": "string",
                    "instance_metadata_tags": "string"
                  }
                ]
              ],
              "monitoring": "bool",
              "network_interface": [
                "set",
                [
                  "object",
                  {
                    "delete_on_termination": "bool",
                    "device_index": "number",
                    "network_card_index": "number",
                    "network_interface_id": "string"
                  }
                ]
              ],
              "outpost_arn": "string",
              "password_data": "string",
              "placement_group": "string",
              "placement_partition_number": "number",
              "primary_network_interface_id": "string",
              "private_dns": "string",
              "private_dns_name_options": [
                "list",
                [
                  "object",
                  {
                    "enable_resource_name_dns_a_record": "bool",
                    "enable_resource_name_dns_aaaa_record": "bool",
                    "hostname_type": "string"
                  }
                ]
              ],
              "private_ip": "string",
              "public_dns": "string",
              "public_ip": "string",
              "root_block_device": [
                "list",
                [
                  "object",
                  {
                    "delete_on_termination": "bool",
                    "device_name": "string",
                    "encrypted": "bool",
                    "iops": "number",
                    "kms_key_id": "string",
                    "tags": [
                      "map",
                      "string"
                    ],
                    "throughput": "number",
                    "volume_id": "string",
                    "volume_size": "number",
                    "volume_type": "string"
                  }
                ]
              ],
              "secondary_private_ips": [
                "set",
                "string"
              ],
              "security_groups": [
                "set",
                "string"
              ],
              "source_dest_check": "bool",
              "subnet_id": "string",
              "tags": [
                "map",
                "string"
              ],
              "tags_all": [
                "map",
                "string"
              ],
              "tenancy": "string",
              "timeouts": [
                "object",
                {
                  "create": "string",
                  "delete": "string",
                  "update": "string"
                }
              ],
              "user_data": "string",
              "user_data_base64": "string",
              "user_data_replace_on_change": "bool",
              "volume_tags": [
                "map",
                "string"
              ],
              "vpc_security_group_ids": [
                "set",
                "string"
              ]
            }
          ],
          "subnet-034eda8166aad9e7a": [
            "object",
            {
              "ami": "string",
              "arn": "string",
              "associate_public_ip_address": "bool",
              "availability_zone": "string",
              "capacity_reservation_specification": [
                "list",
                [
                  "object",
                  {
                    "capacity_reservation_preference": "string",
                    "capacity_reservation_target": [
                      "list",
                      [
                        "object",
                        {
                          "capacity_reservation_id": "string",
                          "capacity_reservation_resource_group_arn": "string"
                        }
                      ]
                    ]
                  }
                ]
              ],
              "cpu_core_count": "number",
              "cpu_threads_per_core": "number",
              "credit_specification": [
                "list",
                [
                  "object",
                  {
                    "cpu_credits": "string"
                  }
                ]
              ],
              "disable_api_stop": "bool",
              "disable_api_termination": "bool",
              "ebs_block_device": [
                "set",
                [
                  "object",
                  {
                    "delete_on_termination": "bool",
                    "device_name": "string",
                    "encrypted": "bool",
                    "iops": "number",
                    "kms_key_id": "string",
                    "snapshot_id": "string",
                    "tags": [
                      "map",
                      "string"
                    ],
                    "throughput": "number",
                    "volume_id": "string",
                    "volume_size": "number",
                    "volume_type": "string"
                  }
                ]
              ],
              "ebs_optimized": "bool",
              "enclave_options": [
                "list",
                [
                  "object",
                  {
                    "enabled": "bool"
                  }
                ]
              ],
              "ephemeral_block_device": [
                "set",
                [
                  "object",
                  {
                    "device_name": "string",
                    "no_device": "bool",
                    "virtual_name": "string"
                  }
                ]
              ],
              "get_password_data": "bool",
              "hibernation": "bool",
              "host_id": "string",
              "host_resource_group_arn": "string",
              "iam_instance_profile": "string",
              "id": "string",
              "instance_initiated_shutdown_behavior": "string",
              "instance_state": "string",
              "instance_type": "string",
              "ipv6_address_count": "number",
              "ipv6_addresses": [
                "list",
                "string"
              ],
              "key_name": "string",
              "launch_template": [
                "list",
                [
                  "object",
                  {
                    "id": "string",
                    "name": "string",
                    "version": "string"
                  }
                ]
              ],
              "maintenance_options": [
                "list",
                [
                  "object",
                  {
                    "auto_recovery": "string"
                  }
                ]
              ],
              "metadata_options": [
                "list",
                [
                  "object",
                  {
                    "http_endpoint": "string",
                    "http_put_response_hop_limit": "number",
                    "http_tokens": "string",
                    "instance_metadata_tags": "string"
                  }
                ]
              ],
              "monitoring": "bool",
              "network_interface": [
                "set",
                [
                  "object",
                  {
                    "delete_on_termination": "bool",
                    "device_index": "number",
                    "network_card_index": "number",
                    "network_interface_id": "string"
                  }
                ]
              ],
              "outpost_arn": "string",
              "password_data": "string",
              "placement_group": "string",
              "placement_partition_number": "number",
              "primary_network_interface_id": "string",
              "private_dns": "string",
              "private_dns_name_options": [
                "list",
                [
                  "object",
                  {
                    "enable_resource_name_dns_a_record": "bool",
                    "enable_resource_name_dns_aaaa_record": "bool",
                    "hostname_type": "string"
                  }
                ]
              ],
              "private_ip": "string",
              "public_dns": "string",
              "public_ip": "string",
              "root_block_device": [
                "list",
                [
                  "object",
                  {
                    "delete_on_termination": "bool",
                    "device_name": "string",
                    "encrypted": "bool",
                    "iops": "number",
                    "kms_key_id": "string",
                    "tags": [
                      "map",
                      "string"
                    ],
                    "throughput": "number",
                    "volume_id": "string",
                    "volume_size": "number",
                    "volume_type": "string"
                  }
                ]
              ],
              "secondary_private_ips": [
                "set",
                "string"
              ],
              "security_groups": [
                "set",
                "string"
              ],
              "source_dest_check": "bool",
              "subnet_id": "string",
              "tags": [
                "map",
                "string"
              ],
              "tags_all": [
                "map",
                "string"
              ],
              "tenancy": "string",
              "timeouts": [
                "object",
                {
                  "create": "string",
                  "delete": "string",
                  "update": "string"
                }
              ],
              "user_data": "string",
              "user_data_base64": "string",
              "user_data_replace_on_change": "bool",
              "volume_tags": [
                "map",
                "string"
              ],
              "vpc_security_group_ids": [
                "set",
                "string"
              ]
            }
          ],
          "subnet-04025a05cb69d8446": [
            "object",
            {
              "ami": "string",
              "arn": "string",
              "associate_public_ip_address": "bool",
              "availability_zone": "string",
              "capacity_reservation_specification": [
                "list",
                [
                  "object",
                  {
                    "capacity_reservation_preference": "string",
                    "capacity_reservation_target": [
                      "list",
                      [
                        "object",
                        {
                          "capacity_reservation_id": "string",
                          "capacity_reservation_resource_group_arn": "string"
                        }
                      ]
                    ]
                  }
                ]
              ],
              "cpu_core_count": "number",
              "cpu_threads_per_core": "number",
              "credit_specification": [
                "list",
                [
                  "object",
                  {
                    "cpu_credits": "string"
                  }
                ]
              ],
              "disable_api_stop": "bool",
              "disable_api_termination": "bool",
              "ebs_block_device": [
                "set",
                [
                  "object",
                  {
                    "delete_on_termination": "bool",
                    "device_name": "string",
                    "encrypted": "bool",
                    "iops": "number",
                    "kms_key_id": "string",
                    "snapshot_id": "string",
                    "tags": [
                      "map",
                      "string"
                    ],
                    "throughput": "number",
                    "volume_id": "string",
                    "volume_size": "number",
                    "volume_type": "string"
                  }
                ]
              ],
              "ebs_optimized": "bool",
              "enclave_options": [
                "list",
                [
                  "object",
                  {
                    "enabled": "bool"
                  }
                ]
              ],
              "ephemeral_block_device": [
                "set",
                [
                  "object",
                  {
                    "device_name": "string",
                    "no_device": "bool",
                    "virtual_name": "string"
                  }
                ]
              ],
              "get_password_data": "bool",
              "hibernation": "bool",
              "host_id": "string",
              "host_resource_group_arn": "string",
              "iam_instance_profile": "string",
              "id": "string",
              "instance_initiated_shutdown_behavior": "string",
              "instance_state": "string",
              "instance_type": "string",
              "ipv6_address_count": "number",
              "ipv6_addresses": [
                "list",
                "string"
              ],
              "key_name": "string",
              "launch_template": [
                "list",
                [
                  "object",
                  {
                    "id": "string",
                    "name": "string",
                    "version": "string"
                  }
                ]
              ],
              "maintenance_options": [
                "list",
                [
                  "object",
                  {
                    "auto_recovery": "string"
                  }
                ]
              ],
              "metadata_options": [
                "list",
                [
                  "object",
                  {
                    "http_endpoint": "string",
                    "http_put_response_hop_limit": "number",
                    "http_tokens": "string",
                    "instance_metadata_tags": "string"
                  }
                ]
              ],
              "monitoring": "bool",
              "network_interface": [
                "set",
                [
                  "object",
                  {
                    "delete_on_termination": "bool",
                    "device_index": "number",
                    "network_card_index": "number",
                    "network_interface_id": "string"
                  }
                ]
              ],
              "outpost_arn": "string",
              "password_data": "string",
              "placement_group": "string",
              "placement_partition_number": "number",
              "primary_network_interface_id": "string",
              "private_dns": "string",
              "private_dns_name_options": [
                "list",
                [
                  "object",
                  {
                    "enable_resource_name_dns_a_record": "bool",
                    "enable_resource_name_dns_aaaa_record": "bool",
                    "hostname_type": "string"
                  }
                ]
              ],
              "private_ip": "string",
              "public_dns": "string",
              "public_ip": "string",
              "root_block_device": [
                "list",
                [
                  "object",
                  {
                    "delete_on_termination": "bool",
                    "device_name": "string",
                    "encrypted": "bool",
                    "iops": "number",
                    "kms_key_id": "string",
                    "tags": [
                      "map",
                      "string"
                    ],
                    "throughput": "number",
                    "volume_id": "string",
                    "volume_size": "number",
                    "volume_type": "string"
                  }
                ]
              ],
              "secondary_private_ips": [
                "set",
                "string"
              ],
              "security_groups": [
                "set",
                "string"
              ],
              "source_dest_check": "bool",
              "subnet_id": "string",
              "tags": [
                "map",
                "string"
              ],
              "tags_all": [
                "map",
                "string"
              ],
              "tenancy": "string",
              "timeouts": [
                "object",
                {
                  "create": "string",
                  "delete": "string",
                  "update": "string"
                }
              ],
              "user_data": "string",
              "user_data_base64": "string",
              "user_data_replace_on_change": "bool",
              "volume_tags": [
                "map",
                "string"
              ],
              "vpc_security_group_ids": [
                "set",
                "string"
              ]
            }
          ],
          "subnet-0549160272ef1707d": [
            "object",
            {
              "ami": "string",
              "arn": "string",
              "associate_public_ip_address": "bool",
              "availability_zone": "string",
              "capacity_reservation_specification": [
                "list",
                [
                  "object",
                  {
                    "capacity_reservation_preference": "string",
                    "capacity_reservation_target": [
                      "list",
                      [
                        "object",
                        {
                          "capacity_reservation_id": "string",
                          "capacity_reservation_resource_group_arn": "string"
                        }
                      ]
                    ]
                  }
                ]
              ],
              "cpu_core_count": "number",
              "cpu_threads_per_core": "number",
              "credit_specification": [
                "list",
                [
                  "object",
                  {
                    "cpu_credits": "string"
                  }
                ]
              ],
              "disable_api_stop": "bool",
              "disable_api_termination": "bool",
              "ebs_block_device": [
                "set",
                [
                  "object",
                  {
                    "delete_on_termination": "bool",
                    "device_name": "string",
                    "encrypted": "bool",
                    "iops": "number",
                    "kms_key_id": "string",
                    "snapshot_id": "string",
                    "tags": [
                      "map",
                      "string"
                    ],
                    "throughput": "number",
                    "volume_id": "string",
                    "volume_size": "number",
                    "volume_type": "string"
                  }
                ]
              ],
              "ebs_optimized": "bool",
              "enclave_options": [
                "list",
                [
                  "object",
                  {
                    "enabled": "bool"
                  }
                ]
              ],
              "ephemeral_block_device": [
                "set",
                [
                  "object",
                  {
                    "device_name": "string",
                    "no_device": "bool",
                    "virtual_name": "string"
                  }
                ]
              ],
              "get_password_data": "bool",
              "hibernation": "bool",
              "host_id": "string",
              "host_resource_group_arn": "string",
              "iam_instance_profile": "string",
              "id": "string",
              "instance_initiated_shutdown_behavior": "string",
              "instance_state": "string",
              "instance_type": "string",
              "ipv6_address_count": "number",
              "ipv6_addresses": [
                "list",
                "string"
              ],
              "key_name": "string",
              "launch_template": [
                "list",
                [
                  "object",
                  {
                    "id": "string",
                    "name": "string",
                    "version": "string"
                  }
                ]
              ],
              "maintenance_options": [
                "list",
                [
                  "object",
                  {
                    "auto_recovery": "string"
                  }
                ]
              ],
              "metadata_options": [
                "list",
                [
                  "object",
                  {
                    "http_endpoint": "string",
                    "http_put_response_hop_limit": "number",
                    "http_tokens": "string",
                    "instance_metadata_tags": "string"
                  }
                ]
              ],
              "monitoring": "bool",
              "network_interface": [
                "set",
                [
                  "object",
                  {
                    "delete_on_termination": "bool",
                    "device_index": "number",
                    "network_card_index": "number",
                    "network_interface_id": "string"
                  }
                ]
              ],
              "outpost_arn": "string",
              "password_data": "string",
              "placement_group": "string",
              "placement_partition_number": "number",
              "primary_network_interface_id": "string",
              "private_dns": "string",
              "private_dns_name_options": [
                "list",
                [
                  "object",
                  {
                    "enable_resource_name_dns_a_record": "bool",
                    "enable_resource_name_dns_aaaa_record": "bool",
                    "hostname_type": "string"
                  }
                ]
              ],
              "private_ip": "string",
              "public_dns": "string",
              "public_ip": "string",
              "root_block_device": [
                "list",
                [
                  "object",
                  {
                    "delete_on_termination": "bool",
                    "device_name": "string",
                    "encrypted": "bool",
                    "iops": "number",
                    "kms_key_id": "string",
                    "tags": [
                      "map",
                      "string"
                    ],
                    "throughput": "number",
                    "volume_id": "string",
                    "volume_size": "number",
                    "volume_type": "string"
                  }
                ]
              ],
              "secondary_private_ips": [
                "set",
                "string"
              ],
              "security_groups": [
                "set",
                "string"
              ],
              "source_dest_check": "bool",
              "subnet_id": "string",
              "tags": [
                "map",
                "string"
              ],
              "tags_all": [
                "map",
                "string"
              ],
              "tenancy": "string",
              "timeouts": [
                "object",
                {
                  "create": "string",
                  "delete": "string",
                  "update": "string"
                }
              ],
              "user_data": "string",
              "user_data_base64": "string",
              "user_data_replace_on_change": "bool",
              "volume_tags": [
                "map",
                "string"
              ],
              "vpc_security_group_ids": [
                "set",
                "string"
              ]
            }
          ],
          "subnet-05ff0ff2db62ebf3f": [
            "object",
            {
              "ami": "string",
              "arn": "string",
              "associate_public_ip_address": "bool",
              "availability_zone": "string",
              "capacity_reservation_specification": [
                "list",
                [
                  "object",
                  {
                    "capacity_reservation_preference": "string",
                    "capacity_reservation_target": [
                      "list",
                      [
                        "object",
                        {
                          "capacity_reservation_id": "string",
                          "capacity_reservation_resource_group_arn": "string"
                        }
                      ]
                    ]
                  }
                ]
              ],
              "cpu_core_count": "number",
              "cpu_threads_per_core": "number",
              "credit_specification": [
                "list",
                [
                  "object",
                  {
                    "cpu_credits": "string"
                  }
                ]
              ],
              "disable_api_stop": "bool",
              "disable_api_termination": "bool",
              "ebs_block_device": [
                "set",
                [
                  "object",
                  {
                    "delete_on_termination": "bool",
                    "device_name": "string",
                    "encrypted": "bool",
                    "iops": "number",
                    "kms_key_id": "string",
                    "snapshot_id": "string",
                    "tags": [
                      "map",
                      "string"
                    ],
                    "throughput": "number",
                    "volume_id": "string",
                    "volume_size": "number",
                    "volume_type": "string"
                  }
                ]
              ],
              "ebs_optimized": "bool",
              "enclave_options": [
                "list",
                [
                  "object",
                  {
                    "enabled": "bool"
                  }
                ]
              ],
              "ephemeral_block_device": [
                "set",
                [
                  "object",
                  {
                    "device_name": "string",
                    "no_device": "bool",
                    "virtual_name": "string"
                  }
                ]
              ],
              "get_password_data": "bool",
              "hibernation": "bool",
              "host_id": "string",
              "host_resource_group_arn": "string",
              "iam_instance_profile": "string",
              "id": "string",
              "instance_initiated_shutdown_behavior": "string",
              "instance_state": "string",
              "instance_type": "string",
              "ipv6_address_count": "number",
              "ipv6_addresses": [
                "list",
                "string"
              ],
              "key_name": "string",
              "launch_template": [
                "list",
                [
                  "object",
                  {
                    "id": "string",
                    "name": "string",
                    "version": "string"
                  }
                ]
              ],
              "maintenance_options": [
                "list",
                [
                  "object",
                  {
                    "auto_recovery": "string"
                  }
                ]
              ],
              "metadata_options": [
                "list",
                [
                  "object",
                  {
                    "http_endpoint": "string",
                    "http_put_response_hop_limit": "number",
                    "http_tokens": "string",
                    "instance_metadata_tags": "string"
                  }
                ]
              ],
              "monitoring": "bool",
              "network_interface": [
                "set",
                [
                  "object",
                  {
                    "delete_on_termination": "bool",
                    "device_index": "number",
                    "network_card_index": "number",
                    "network_interface_id": "string"
                  }
                ]
              ],
              "outpost_arn": "string",
              "password_data": "string",
              "placement_group": "string",
              "placement_partition_number": "number",
              "primary_network_interface_id": "string",
              "private_dns": "string",
              "private_dns_name_options": [
                "list",
                [
                  "object",
                  {
                    "enable_resource_name_dns_a_record": "bool",
                    "enable_resource_name_dns_aaaa_record": "bool",
                    "hostname_type": "string"
                  }
                ]
              ],
              "private_ip": "string",
              "public_dns": "string",
              "public_ip": "string",
              "root_block_device": [
                "list",
                [
                  "object",
                  {
                    "delete_on_termination": "bool",
                    "device_name": "string",
                    "encrypted": "bool",
                    "iops": "number",
                    "kms_key_id": "string",
                    "tags": [
                      "map",
                      "string"
                    ],
                    "throughput": "number",
                    "volume_id": "string",
                    "volume_size": "number",
                    "volume_type": "string"
                  }
                ]
              ],
              "secondary_private_ips": [
                "set",
                "string"
              ],
              "security_groups": [
                "set",
                "string"
              ],
              "source_dest_check": "bool",
              "subnet_id": "string",
              "tags": [
                "map",
                "string"
              ],
              "tags_all": [
                "map",
                "string"
              ],
              "tenancy": "string",
              "timeouts": [
                "object",
                {
                  "create": "string",
                  "delete": "string",
                  "update": "string"
                }
              ],
              "user_data": "string",
              "user_data_base64": "string",
              "user_data_replace_on_change": "bool",
              "volume_tags": [
                "map",
                "string"
              ],
              "vpc_security_group_ids": [
                "set",
                "string"
              ]
            }
          ],
          "subnet-06cff642cde85d955": [
            "object",
            {
              "ami": "string",
              "arn": "string",
              "associate_public_ip_address": "bool",
              "availability_zone": "string",
              "capacity_reservation_specification": [
                "list",
                [
                  "object",
                  {
                    "capacity_reservation_preference": "string",
                    "capacity_reservation_target": [
                      "list",
                      [
                        "object",
                        {
                          "capacity_reservation_id": "string",
                          "capacity_reservation_resource_group_arn": "string"
                        }
                      ]
                    ]
                  }
                ]
              ],
              "cpu_core_count": "number",
              "cpu_threads_per_core": "number",
              "credit_specification": [
                "list",
                [
                  "object",
                  {
                    "cpu_credits": "string"
                  }
                ]
              ],
              "disable_api_stop": "bool",
              "disable_api_termination": "bool",
              "ebs_block_device": [
                "set",
                [
                  "object",
                  {
                    "delete_on_termination": "bool",
                    "device_name": "string",
                    "encrypted": "bool",
                    "iops": "number",
                    "kms_key_id": "string",
                    "snapshot_id": "string",
                    "tags": [
                      "map",
                      "string"
                    ],
                    "throughput": "number",
                    "volume_id": "string",
                    "volume_size": "number",
                    "volume_type": "string"
                  }
                ]
              ],
              "ebs_optimized": "bool",
              "enclave_options": [
                "list",
                [
                  "object",
                  {
                    "enabled": "bool"
                  }
                ]
              ],
              "ephemeral_block_device": [
                "set",
                [
                  "object",
                  {
                    "device_name": "string",
                    "no_device": "bool",
                    "virtual_name": "string"
                  }
                ]
              ],
              "get_password_data": "bool",
              "hibernation": "bool",
              "host_id": "string",
              "host_resource_group_arn": "string",
              "iam_instance_profile": "string",
              "id": "string",
              "instance_initiated_shutdown_behavior": "string",
              "instance_state": "string",
              "instance_type": "string",
              "ipv6_address_count": "number",
              "ipv6_addresses": [
                "list",
                "string"
              ],
              "key_name": "string",
              "launch_template": [
                "list",
                [
                  "object",
                  {
                    "id": "string",
                    "name": "string",
                    "version": "string"
                  }
                ]
              ],
              "maintenance_options": [
                "list",
                [
                  "object",
                  {
                    "auto_recovery": "string"
                  }
                ]
              ],
              "metadata_options": [
                "list",
                [
                  "object",
                  {
                    "http_endpoint": "string",
                    "http_put_response_hop_limit": "number",
                    "http_tokens": "string",
                    "instance_metadata_tags": "string"
                  }
                ]
              ],
              "monitoring": "bool",
              "network_interface": [
                "set",
                [
                  "object",
                  {
                    "delete_on_termination": "bool",
                    "device_index": "number",
                    "network_card_index": "number",
                    "network_interface_id": "string"
                  }
                ]
              ],
              "outpost_arn": "string",
              "password_data": "string",
              "placement_group": "string",
              "placement_partition_number": "number",
              "primary_network_interface_id": "string",
              "private_dns": "string",
              "private_dns_name_options": [
                "list",
                [
                  "object",
                  {
                    "enable_resource_name_dns_a_record": "bool",
                    "enable_resource_name_dns_aaaa_record": "bool",
                    "hostname_type": "string"
                  }
                ]
              ],
              "private_ip": "string",
              "public_dns": "string",
              "public_ip": "string",
              "root_block_device": [
                "list",
                [
                  "object",
                  {
                    "delete_on_termination": "bool",
                    "device_name": "string",
                    "encrypted": "bool",
                    "iops": "number",
                    "kms_key_id": "string",
                    "tags": [
                      "map",
                      "string"
                    ],
                    "throughput": "number",
                    "volume_id": "string",
                    "volume_size": "number",
                    "volume_type": "string"
                  }
                ]
              ],
              "secondary_private_ips": [
                "set",
                "string"
              ],
              "security_groups": [
                "set",
                "string"
              ],
              "source_dest_check": "bool",
              "subnet_id": "string",
              "tags": [
                "map",
                "string"
              ],
              "tags_all": [
                "map",
                "string"
              ],
              "tenancy": "string",
              "timeouts": [
                "object",
                {
                  "create": "string",
                  "delete": "string",
                  "update": "string"
                }
              ],
              "user_data": "string",
              "user_data_base64": "string",
              "user_data_replace_on_change": "bool",
              "volume_tags": [
                "map",
                "string"
              ],
              "vpc_security_group_ids": [
                "set",
                "string"
              ]
            }
          ]
        }
      ]
    }
  },
  "resources": [
    {
      "mode": "data",
      "type": "aws_ami",
      "name": "aws_linux_2_latest",
      "provider": "provider[\"registry.terraform.io/hashicorp/aws\"]",
      "instances": [
        {
          "schema_version": 0,
          "attributes": {
            "architecture": "x86_64",
            "arn": "arn:aws:ec2:us-east-1::image/ami-0fe472d8a85bc7b0e",
            "block_device_mappings": [
              {
                "device_name": "/dev/xvda",
                "ebs": {
                  "delete_on_termination": "true",
                  "encrypted": "false",
                  "iops": "0",
                  "snapshot_id": "snap-07f96a026c914c20a",
                  "throughput": "0",
                  "volume_size": "8",
                  "volume_type": "gp2"
                },
                "no_device": "",
                "virtual_name": ""
              }
            ],
            "boot_mode": "",
            "creation_date": "2022-12-16T01:56:15.000Z",
            "deprecation_time": "2024-12-16T01:56:14.000Z",
            "description": "Amazon Linux 2 AMI 2.0.20221210.1 x86_64 HVM gp2",
            "ena_support": true,
            "executable_users": null,
            "filter": [
              {
                "name": "name",
                "values": [
                  "amzn2-ami-hvm-*"
                ]
              }
            ],
            "hypervisor": "xen",
            "id": "ami-0fe472d8a85bc7b0e",
            "image_id": "ami-0fe472d8a85bc7b0e",
            "image_location": "amazon/amzn2-ami-hvm-2.0.20221210.1-x86_64-gp2",
            "image_owner_alias": "amazon",
            "image_type": "machine",
            "imds_support": "",
            "include_deprecated": false,
            "kernel_id": "",
            "most_recent": true,
            "name": "amzn2-ami-hvm-2.0.20221210.1-x86_64-gp2",
            "name_regex": null,
            "owner_id": "137112412989",
            "owners": [
              "amazon"
            ],
            "platform": "",
            "platform_details": "Linux/UNIX",
            "product_codes": [],
            "public": true,
            "ramdisk_id": "",
            "root_device_name": "/dev/xvda",
            "root_device_type": "ebs",
            "root_snapshot_id": "snap-07f96a026c914c20a",
            "sriov_net_support": "simple",
            "state": "available",
            "state_reason": {
              "code": "UNSET",
              "message": "UNSET"
            },
            "tags": {},
            "timeouts": null,
            "tpm_support": "",
            "usage_operation": "RunInstances",
            "virtualization_type": "hvm"
          },
          "sensitive_attributes": []
        }
      ]
    },
    {
      "mode": "data",
      "type": "aws_subnet_ids",
      "name": "default_subnets",
      "provider": "provider[\"registry.terraform.io/hashicorp/aws\"]",
      "instances": [
        {
          "schema_version": 0,
          "attributes": {
            "filter": null,
            "id": "vpc-0cbf4d5bd8930bc20",
            "ids": [
              "subnet-02e168396355ea485",
              "subnet-034eda8166aad9e7a",
              "subnet-04025a05cb69d8446",
              "subnet-0549160272ef1707d",
              "subnet-05ff0ff2db62ebf3f",
              "subnet-06cff642cde85d955"
            ],
            "tags": null,
            "timeouts": null,
            "vpc_id": "vpc-0cbf4d5bd8930bc20"
          },
          "sensitive_attributes": []
        }
      ]
    },
    {
      "mode": "managed",
      "type": "aws_default_vpc",
      "name": "default",
      "provider": "provider[\"registry.terraform.io/hashicorp/aws\"]",
      "instances": [
        {
          "schema_version": 1,
          "attributes": {
            "arn": "arn:aws:ec2:us-east-1:127680565226:vpc/vpc-0cbf4d5bd8930bc20",
            "assign_generated_ipv6_cidr_block": false,
            "cidr_block": "172.31.0.0/16",
            "default_network_acl_id": "acl-02eb359c70a709f1e",
            "default_route_table_id": "rtb-012e7b08e37b5d66c",
            "default_security_group_id": "sg-0d91deb0b3d81f131",
            "dhcp_options_id": "dopt-0dc7efd7644fe02ee",
            "enable_classiclink": false,
            "enable_classiclink_dns_support": false,
            "enable_dns_hostnames": true,
            "enable_dns_support": true,
            "enable_network_address_usage_metrics": true,
            "existing_default_vpc": true,
            "force_destroy": false,
            "id": "vpc-0cbf4d5bd8930bc20",
            "instance_tenancy": "default",
            "ipv6_association_id": "",
            "ipv6_cidr_block": "",
            "ipv6_cidr_block_network_border_group": "",
            "ipv6_ipam_pool_id": "",
            "ipv6_netmask_length": 0,
            "main_route_table_id": "rtb-012e7b08e37b5d66c",
            "owner_id": "127680565226",
            "tags": {},
            "tags_all": {}
          },
          "sensitive_attributes": [],
          "private": "eyJzY2hlbWFfdmVyc2lvbiI6IjEifQ=="
        }
      ]
    },
    {
      "mode": "managed",
      "type": "aws_instance",
      "name": "http_servers",
      "provider": "provider[\"registry.terraform.io/hashicorp/aws\"]",
      "instances": [
        {
          "index_key": "subnet-02e168396355ea485",
          "schema_version": 1,
          "attributes": {
            "ami": "ami-0fe472d8a85bc7b0e",
            "arn": "arn:aws:ec2:us-east-1:127680565226:instance/i-0a1093d40b9024241",
            "associate_public_ip_address": true,
            "availability_zone": "us-east-1b",
            "capacity_reservation_specification": [
              {
                "capacity_reservation_preference": "open",
                "capacity_reservation_target": []
              }
            ],
            "cpu_core_count": 1,
            "cpu_threads_per_core": 1,
            "credit_specification": [
              {
                "cpu_credits": "standard"
              }
            ],
            "disable_api_stop": false,
            "disable_api_termination": false,
            "ebs_block_device": [],
            "ebs_optimized": false,
            "enclave_options": [
              {
                "enabled": false
              }
            ],
            "ephemeral_block_device": [],
            "get_password_data": false,
            "hibernation": false,
            "host_id": null,
            "host_resource_group_arn": null,
            "iam_instance_profile": "",
            "id": "i-0a1093d40b9024241",
            "instance_initiated_shutdown_behavior": "stop",
            "instance_state": "running",
            "instance_type": "t2.micro",
            "ipv6_address_count": 0,
            "ipv6_addresses": [],
            "key_name": "ausc",
            "launch_template": [],
            "maintenance_options": [
              {
                "auto_recovery": "default"
              }
            ],
            "metadata_options": [
              {
                "http_endpoint": "enabled",
                "http_put_response_hop_limit": 1,
                "http_tokens": "optional",
                "instance_metadata_tags": "disabled"
              }
            ],
            "monitoring": false,
            "network_interface": [],
            "outpost_arn": "",
            "password_data": "",
            "placement_group": "",
            "placement_partition_number": null,
            "primary_network_interface_id": "eni-03f328c3305557b58",
            "private_dns": "ip-172-31-4-141.ec2.internal",
            "private_dns_name_options": [
              {
                "enable_resource_name_dns_a_record": false,
                "enable_resource_name_dns_aaaa_record": false,
                "hostname_type": "ip-name"
              }
            ],
            "private_ip": "172.31.4.141",
            "public_dns": "ec2-44-204-95-31.compute-1.amazonaws.com",
            "public_ip": "44.204.95.31",
            "root_block_device": [
              {
                "delete_on_termination": true,
                "device_name": "/dev/xvda",
                "encrypted": false,
                "iops": 100,
                "kms_key_id": "",
                "tags": {},
                "throughput": 0,
                "volume_id": "vol-0761f65e8a027d771",
                "volume_size": 8,
                "volume_type": "gp2"
              }
            ],
            "secondary_private_ips": [],
            "security_groups": [
              "http_server_sg"
            ],
            "source_dest_check": true,
            "subnet_id": "subnet-02e168396355ea485",
            "tags": {
              "name": "http_servers_subnet-02e168396355ea485"
            },
            "tags_all": {
              "name": "http_servers_subnet-02e168396355ea485"
            },
            "tenancy": "default",
            "timeouts": null,
            "user_data": null,
            "user_data_base64": null,
            "user_data_replace_on_change": false,
            "volume_tags": null,
            "vpc_security_group_ids": [
              "sg-0f75216bf94536122"
            ]
          },
          "sensitive_attributes": [],
          "private": "eyJlMmJmYjczMC1lY2FhLTExZTYtOGY4OC0zNDM2M2JjN2M0YzAiOnsiY3JlYXRlIjo2MDAwMDAwMDAwMDAsImRlbGV0ZSI6MTIwMDAwMDAwMDAwMCwidXBkYXRlIjo2MDAwMDAwMDAwMDB9LCJzY2hlbWFfdmVyc2lvbiI6IjEifQ==",
          "dependencies": [
            "aws_default_vpc.default",
            "aws_security_group.http_server_sg",
            "data.aws_ami.aws_linux_2_latest",
            "data.aws_subnet_ids.default_subnets"
          ]
        },
        {
          "index_key": "subnet-034eda8166aad9e7a",
          "schema_version": 1,
          "attributes": {
            "ami": "ami-0fe472d8a85bc7b0e",
            "arn": "arn:aws:ec2:us-east-1:127680565226:instance/i-02f88e20411473888",
            "associate_public_ip_address": true,
            "availability_zone": "us-east-1a",
            "capacity_reservation_specification": [
              {
                "capacity_reservation_preference": "open",
                "capacity_reservation_target": []
              }
            ],
            "cpu_core_count": 1,
            "cpu_threads_per_core": 1,
            "credit_specification": [
              {
                "cpu_credits": "standard"
              }
            ],
            "disable_api_stop": false,
            "disable_api_termination": false,
            "ebs_block_device": [],
            "ebs_optimized": false,
            "enclave_options": [
              {
                "enabled": false
              }
            ],
            "ephemeral_block_device": [],
            "get_password_data": false,
            "hibernation": false,
            "host_id": null,
            "host_resource_group_arn": null,
            "iam_instance_profile": "",
            "id": "i-02f88e20411473888",
            "instance_initiated_shutdown_behavior": "stop",
            "instance_state": "running",
            "instance_type": "t2.micro",
            "ipv6_address_count": 0,
            "ipv6_addresses": [],
            "key_name": "ausc",
            "launch_template": [],
            "maintenance_options": [
              {
                "auto_recovery": "default"
              }
            ],
            "metadata_options": [
              {
                "http_endpoint": "enabled",
                "http_put_response_hop_limit": 1,
                "http_tokens": "optional",
                "instance_metadata_tags": "disabled"
              }
            ],
            "monitoring": false,
            "network_interface": [],
            "outpost_arn": "",
            "password_data": "",
            "placement_group": "",
            "placement_partition_number": null,
            "primary_network_interface_id": "eni-07686df299f734060",
            "private_dns": "ip-172-31-32-198.ec2.internal",
            "private_dns_name_options": [
              {
                "enable_resource_name_dns_a_record": false,
                "enable_resource_name_dns_aaaa_record": false,
                "hostname_type": "ip-name"
              }
            ],
            "private_ip": "172.31.32.198",
            "public_dns": "ec2-54-234-14-150.compute-1.amazonaws.com",
            "public_ip": "54.234.14.150",
            "root_block_device": [
              {
                "delete_on_termination": true,
                "device_name": "/dev/xvda",
                "encrypted": false,
                "iops": 100,
                "kms_key_id": "",
                "tags": {},
                "throughput": 0,
                "volume_id": "vol-01708407ab5d41fb2",
                "volume_size": 8,
                "volume_type": "gp2"
              }
            ],
            "secondary_private_ips": [],
            "security_groups": [
              "http_server_sg"
            ],
            "source_dest_check": true,
            "subnet_id": "subnet-034eda8166aad9e7a",
            "tags": {
              "name": "http_servers_subnet-034eda8166aad9e7a"
            },
            "tags_all": {
              "name": "http_servers_subnet-034eda8166aad9e7a"
            },
            "tenancy": "default",
            "timeouts": null,
            "user_data": null,
            "user_data_base64": null,
            "user_data_replace_on_change": false,
            "volume_tags": null,
            "vpc_security_group_ids": [
              "sg-0f75216bf94536122"
            ]
          },
          "sensitive_attributes": [],
          "private": "eyJlMmJmYjczMC1lY2FhLTExZTYtOGY4OC0zNDM2M2JjN2M0YzAiOnsiY3JlYXRlIjo2MDAwMDAwMDAwMDAsImRlbGV0ZSI6MTIwMDAwMDAwMDAwMCwidXBkYXRlIjo2MDAwMDAwMDAwMDB9LCJzY2hlbWFfdmVyc2lvbiI6IjEifQ==",
          "dependencies": [
            "aws_default_vpc.default",
            "aws_security_group.http_server_sg",
            "data.aws_ami.aws_linux_2_latest",
            "data.aws_subnet_ids.default_subnets"
          ]
        },
        {
          "index_key": "subnet-04025a05cb69d8446",
          "schema_version": 1,
          "attributes": {
            "ami": "ami-0fe472d8a85bc7b0e",
            "arn": "arn:aws:ec2:us-east-1:127680565226:instance/i-078e5681a7e24c4bb",
            "associate_public_ip_address": true,
            "availability_zone": "us-east-1f",
            "capacity_reservation_specification": [
              {
                "capacity_reservation_preference": "open",
                "capacity_reservation_target": []
              }
            ],
            "cpu_core_count": 1,
            "cpu_threads_per_core": 1,
            "credit_specification": [
              {
                "cpu_credits": "standard"
              }
            ],
            "disable_api_stop": false,
            "disable_api_termination": false,
            "ebs_block_device": [],
            "ebs_optimized": false,
            "enclave_options": [
              {
                "enabled": false
              }
            ],
            "ephemeral_block_device": [],
            "get_password_data": false,
            "hibernation": false,
            "host_id": null,
            "host_resource_group_arn": null,
            "iam_instance_profile": "",
            "id": "i-078e5681a7e24c4bb",
            "instance_initiated_shutdown_behavior": "stop",
            "instance_state": "running",
            "instance_type": "t2.micro",
            "ipv6_address_count": 0,
            "ipv6_addresses": [],
            "key_name": "ausc",
            "launch_template": [],
            "maintenance_options": [
              {
                "auto_recovery": "default"
              }
            ],
            "metadata_options": [
              {
                "http_endpoint": "enabled",
                "http_put_response_hop_limit": 1,
                "http_tokens": "optional",
                "instance_metadata_tags": "disabled"
              }
            ],
            "monitoring": false,
            "network_interface": [],
            "outpost_arn": "",
            "password_data": "",
            "placement_group": "",
            "placement_partition_number": null,
            "primary_network_interface_id": "eni-09009fb566ee512be",
            "private_dns": "ip-172-31-76-216.ec2.internal",
            "private_dns_name_options": [
              {
                "enable_resource_name_dns_a_record": false,
                "enable_resource_name_dns_aaaa_record": false,
                "hostname_type": "ip-name"
              }
            ],
            "private_ip": "172.31.76.216",
            "public_dns": "ec2-44-192-29-163.compute-1.amazonaws.com",
            "public_ip": "44.192.29.163",
            "root_block_device": [
              {
                "delete_on_termination": true,
                "device_name": "/dev/xvda",
                "encrypted": false,
                "iops": 100,
                "kms_key_id": "",
                "tags": {},
                "throughput": 0,
                "volume_id": "vol-07eb5aa8642496af6",
                "volume_size": 8,
                "volume_type": "gp2"
              }
            ],
            "secondary_private_ips": [],
            "security_groups": [
              "http_server_sg"
            ],
            "source_dest_check": true,
            "subnet_id": "subnet-04025a05cb69d8446",
            "tags": {
              "name": "http_servers_subnet-04025a05cb69d8446"
            },
            "tags_all": {
              "name": "http_servers_subnet-04025a05cb69d8446"
            },
            "tenancy": "default",
            "timeouts": null,
            "user_data": null,
            "user_data_base64": null,
            "user_data_replace_on_change": false,
            "volume_tags": null,
            "vpc_security_group_ids": [
              "sg-0f75216bf94536122"
            ]
          },
          "sensitive_attributes": [],
          "private": "eyJlMmJmYjczMC1lY2FhLTExZTYtOGY4OC0zNDM2M2JjN2M0YzAiOnsiY3JlYXRlIjo2MDAwMDAwMDAwMDAsImRlbGV0ZSI6MTIwMDAwMDAwMDAwMCwidXBkYXRlIjo2MDAwMDAwMDAwMDB9LCJzY2hlbWFfdmVyc2lvbiI6IjEifQ==",
          "dependencies": [
            "aws_default_vpc.default",
            "aws_security_group.http_server_sg",
            "data.aws_ami.aws_linux_2_latest",
            "data.aws_subnet_ids.default_subnets"
          ]
        },
        {
          "index_key": "subnet-0549160272ef1707d",
          "schema_version": 1,
          "attributes": {
            "ami": "ami-0fe472d8a85bc7b0e",
            "arn": "arn:aws:ec2:us-east-1:127680565226:instance/i-0ecb4bce8ebe1b7d5",
            "associate_public_ip_address": true,
            "availability_zone": "us-east-1c",
            "capacity_reservation_specification": [
              {
                "capacity_reservation_preference": "open",
                "capacity_reservation_target": []
              }
            ],
            "cpu_core_count": 1,
            "cpu_threads_per_core": 1,
            "credit_specification": [
              {
                "cpu_credits": "standard"
              }
            ],
            "disable_api_stop": false,
            "disable_api_termination": false,
            "ebs_block_device": [],
            "ebs_optimized": false,
            "enclave_options": [
              {
                "enabled": false
              }
            ],
            "ephemeral_block_device": [],
            "get_password_data": false,
            "hibernation": false,
            "host_id": null,
            "host_resource_group_arn": null,
            "iam_instance_profile": "",
            "id": "i-0ecb4bce8ebe1b7d5",
            "instance_initiated_shutdown_behavior": "stop",
            "instance_state": "running",
            "instance_type": "t2.micro",
            "ipv6_address_count": 0,
            "ipv6_addresses": [],
            "key_name": "ausc",
            "launch_template": [],
            "maintenance_options": [
              {
                "auto_recovery": "default"
              }
            ],
            "metadata_options": [
              {
                "http_endpoint": "enabled",
                "http_put_response_hop_limit": 1,
                "http_tokens": "optional",
                "instance_metadata_tags": "disabled"
              }
            ],
            "monitoring": false,
            "network_interface": [],
            "outpost_arn": "",
            "password_data": "",
            "placement_group": "",
            "placement_partition_number": null,
            "primary_network_interface_id": "eni-0d22f612509474b86",
            "private_dns": "ip-172-31-89-237.ec2.internal",
            "private_dns_name_options": [
              {
                "enable_resource_name_dns_a_record": false,
                "enable_resource_name_dns_aaaa_record": false,
                "hostname_type": "ip-name"
              }
            ],
            "private_ip": "172.31.89.237",
            "public_dns": "ec2-3-87-162-133.compute-1.amazonaws.com",
            "public_ip": "3.87.162.133",
            "root_block_device": [
              {
                "delete_on_termination": true,
                "device_name": "/dev/xvda",
                "encrypted": false,
                "iops": 100,
                "kms_key_id": "",
                "tags": {},
                "throughput": 0,
                "volume_id": "vol-039a2d217c7ff7e2b",
                "volume_size": 8,
                "volume_type": "gp2"
              }
            ],
            "secondary_private_ips": [],
            "security_groups": [
              "http_server_sg"
            ],
            "source_dest_check": true,
            "subnet_id": "subnet-0549160272ef1707d",
            "tags": {
              "name": "http_servers_subnet-0549160272ef1707d"
            },
            "tags_all": {
              "name": "http_servers_subnet-0549160272ef1707d"
            },
            "tenancy": "default",
            "timeouts": null,
            "user_data": null,
            "user_data_base64": null,
            "user_data_replace_on_change": false,
            "volume_tags": null,
            "vpc_security_group_ids": [
              "sg-0f75216bf94536122"
            ]
          },
          "sensitive_attributes": [],
          "private": "eyJlMmJmYjczMC1lY2FhLTExZTYtOGY4OC0zNDM2M2JjN2M0YzAiOnsiY3JlYXRlIjo2MDAwMDAwMDAwMDAsImRlbGV0ZSI6MTIwMDAwMDAwMDAwMCwidXBkYXRlIjo2MDAwMDAwMDAwMDB9LCJzY2hlbWFfdmVyc2lvbiI6IjEifQ==",
          "dependencies": [
            "aws_default_vpc.default",
            "aws_security_group.http_server_sg",
            "data.aws_ami.aws_linux_2_latest",
            "data.aws_subnet_ids.default_subnets"
          ]
        },
        {
          "index_key": "subnet-05ff0ff2db62ebf3f",
          "schema_version": 1,
          "attributes": {
            "ami": "ami-0fe472d8a85bc7b0e",
            "arn": "arn:aws:ec2:us-east-1:127680565226:instance/i-0931d5fd9ddaa78ba",
            "associate_public_ip_address": true,
            "availability_zone": "us-east-1d",
            "capacity_reservation_specification": [
              {
                "capacity_reservation_preference": "open",
                "capacity_reservation_target": []
              }
            ],
            "cpu_core_count": 1,
            "cpu_threads_per_core": 1,
            "credit_specification": [
              {
                "cpu_credits": "standard"
              }
            ],
            "disable_api_stop": false,
            "disable_api_termination": false,
            "ebs_block_device": [],
            "ebs_optimized": false,
            "enclave_options": [
              {
                "enabled": false
              }
            ],
            "ephemeral_block_device": [],
            "get_password_data": false,
            "hibernation": false,
            "host_id": null,
            "host_resource_group_arn": null,
            "iam_instance_profile": "",
            "id": "i-0931d5fd9ddaa78ba",
            "instance_initiated_shutdown_behavior": "stop",
            "instance_state": "running",
            "instance_type": "t2.micro",
            "ipv6_address_count": 0,
            "ipv6_addresses": [],
            "key_name": "ausc",
            "launch_template": [],
            "maintenance_options": [
              {
                "auto_recovery": "default"
              }
            ],
            "metadata_options": [
              {
                "http_endpoint": "enabled",
                "http_put_response_hop_limit": 1,
                "http_tokens": "optional",
                "instance_metadata_tags": "disabled"
              }
            ],
            "monitoring": false,
            "network_interface": [],
            "outpost_arn": "",
            "password_data": "",
            "placement_group": "",
            "placement_partition_number": null,
            "primary_network_interface_id": "eni-06eb6fce4e20f3ae1",
            "private_dns": "ip-172-31-27-1.ec2.internal",
            "private_dns_name_options": [
              {
                "enable_resource_name_dns_a_record": false,
                "enable_resource_name_dns_aaaa_record": false,
                "hostname_type": "ip-name"
              }
            ],
            "private_ip": "172.31.27.1",
            "public_dns": "ec2-3-81-228-253.compute-1.amazonaws.com",
            "public_ip": "3.81.228.253",
            "root_block_device": [
              {
                "delete_on_termination": true,
                "device_name": "/dev/xvda",
                "encrypted": false,
                "iops": 100,
                "kms_key_id": "",
                "tags": {},
                "throughput": 0,
                "volume_id": "vol-09b82134cfa8b32df",
                "volume_size": 8,
                "volume_type": "gp2"
              }
            ],
            "secondary_private_ips": [],
            "security_groups": [
              "http_server_sg"
            ],
            "source_dest_check": true,
            "subnet_id": "subnet-05ff0ff2db62ebf3f",
            "tags": {
              "name": "http_servers_subnet-05ff0ff2db62ebf3f"
            },
            "tags_all": {
              "name": "http_servers_subnet-05ff0ff2db62ebf3f"
            },
            "tenancy": "default",
            "timeouts": null,
            "user_data": null,
            "user_data_base64": null,
            "user_data_replace_on_change": false,
            "volume_tags": null,
            "vpc_security_group_ids": [
              "sg-0f75216bf94536122"
            ]
          },
          "sensitive_attributes": [],
          "private": "eyJlMmJmYjczMC1lY2FhLTExZTYtOGY4OC0zNDM2M2JjN2M0YzAiOnsiY3JlYXRlIjo2MDAwMDAwMDAwMDAsImRlbGV0ZSI6MTIwMDAwMDAwMDAwMCwidXBkYXRlIjo2MDAwMDAwMDAwMDB9LCJzY2hlbWFfdmVyc2lvbiI6IjEifQ==",
          "dependencies": [
            "aws_default_vpc.default",
            "aws_security_group.http_server_sg",
            "data.aws_ami.aws_linux_2_latest",
            "data.aws_subnet_ids.default_subnets"
          ]
        },
        {
          "index_key": "subnet-06cff642cde85d955",
          "schema_version": 1,
          "attributes": {
            "ami": "ami-0fe472d8a85bc7b0e",
            "arn": "arn:aws:ec2:us-east-1:127680565226:instance/i-071afd5b7bb1979d0",
            "associate_public_ip_address": true,
            "availability_zone": "us-east-1e",
            "capacity_reservation_specification": [
              {
                "capacity_reservation_preference": "open",
                "capacity_reservation_target": []
              }
            ],
            "cpu_core_count": 1,
            "cpu_threads_per_core": 1,
            "credit_specification": [
              {
                "cpu_credits": "standard"
              }
            ],
            "disable_api_stop": false,
            "disable_api_termination": false,
            "ebs_block_device": [],
            "ebs_optimized": false,
            "enclave_options": [
              {
                "enabled": false
              }
            ],
            "ephemeral_block_device": [],
            "get_password_data": false,
            "hibernation": false,
            "host_id": null,
            "host_resource_group_arn": null,
            "iam_instance_profile": "",
            "id": "i-071afd5b7bb1979d0",
            "instance_initiated_shutdown_behavior": "stop",
            "instance_state": "running",
            "instance_type": "t2.micro",
            "ipv6_address_count": 0,
            "ipv6_addresses": [],
            "key_name": "ausc",
            "launch_template": [],
            "maintenance_options": [
              {
                "auto_recovery": "default"
              }
            ],
            "metadata_options": [
              {
                "http_endpoint": "enabled",
                "http_put_response_hop_limit": 1,
                "http_tokens": "optional",
                "instance_metadata_tags": "disabled"
              }
            ],
            "monitoring": false,
            "network_interface": [],
            "outpost_arn": "",
            "password_data": "",
            "placement_group": "",
            "placement_partition_number": null,
            "primary_network_interface_id": "eni-03e7bf213b4a78827",
            "private_dns": "ip-172-31-53-32.ec2.internal",
            "private_dns_name_options": [
              {
                "enable_resource_name_dns_a_record": false,
                "enable_resource_name_dns_aaaa_record": false,
                "hostname_type": "ip-name"
              }
            ],
            "private_ip": "172.31.53.32",
            "public_dns": "ec2-54-152-135-185.compute-1.amazonaws.com",
            "public_ip": "54.152.135.185",
            "root_block_device": [
              {
                "delete_on_termination": true,
                "device_name": "/dev/xvda",
                "encrypted": false,
                "iops": 100,
                "kms_key_id": "",
                "tags": {},
                "throughput": 0,
                "volume_id": "vol-01a54e5c0de482c69",
                "volume_size": 8,
                "volume_type": "gp2"
              }
            ],
            "secondary_private_ips": [],
            "security_groups": [
              "http_server_sg"
            ],
            "source_dest_check": true,
            "subnet_id": "subnet-06cff642cde85d955",
            "tags": {
              "name": "http_servers_subnet-06cff642cde85d955"
            },
            "tags_all": {
              "name": "http_servers_subnet-06cff642cde85d955"
            },
            "tenancy": "default",
            "timeouts": null,
            "user_data": null,
            "user_data_base64": null,
            "user_data_replace_on_change": false,
            "volume_tags": null,
            "vpc_security_group_ids": [
              "sg-0f75216bf94536122"
            ]
          },
          "sensitive_attributes": [],
          "private": "eyJlMmJmYjczMC1lY2FhLTExZTYtOGY4OC0zNDM2M2JjN2M0YzAiOnsiY3JlYXRlIjo2MDAwMDAwMDAwMDAsImRlbGV0ZSI6MTIwMDAwMDAwMDAwMCwidXBkYXRlIjo2MDAwMDAwMDAwMDB9LCJzY2hlbWFfdmVyc2lvbiI6IjEifQ==",
          "dependencies": [
            "aws_default_vpc.default",
            "aws_security_group.http_server_sg",
            "data.aws_ami.aws_linux_2_latest",
            "data.aws_subnet_ids.default_subnets"
          ]
        }
      ]
    },
    {
      "mode": "managed",
      "type": "aws_security_group",
      "name": "http_server_sg",
      "provider": "provider[\"registry.terraform.io/hashicorp/aws\"]",
      "instances": [
        {
          "schema_version": 1,
          "attributes": {
            "arn": "arn:aws:ec2:us-east-1:127680565226:security-group/sg-0f75216bf94536122",
            "description": "Managed by Terraform",
            "egress": [
              {
                "cidr_blocks": [
                  "0.0.0.0/0"
                ],
                "description": "",
                "from_port": 0,
                "ipv6_cidr_blocks": [],
                "prefix_list_ids": [],
                "protocol": "-1",
                "security_groups": [],
                "self": false,
                "to_port": 0
              }
            ],
            "id": "sg-0f75216bf94536122",
            "ingress": [
              {
                "cidr_blocks": [
                  "0.0.0.0/0"
                ],
                "description": "",
                "from_port": 22,
                "ipv6_cidr_blocks": [],
                "prefix_list_ids": [],
                "protocol": "tcp",
                "security_groups": [],
                "self": false,
                "to_port": 22
              },
              {
                "cidr_blocks": [
                  "0.0.0.0/0"
                ],
                "description": "",
                "from_port": 80,
                "ipv6_cidr_blocks": [],
                "prefix_list_ids": [],
                "protocol": "tcp",
                "security_groups": [],
                "self": false,
                "to_port": 80
              }
            ],
            "name": "http_server_sg",
            "name_prefix": "",
            "owner_id": "127680565226",
            "revoke_rules_on_delete": false,
            "tags": {
              "name": "http_server_sg"
            },
            "tags_all": {
              "name": "http_server_sg"
            },
            "timeouts": null,
            "vpc_id": "vpc-0cbf4d5bd8930bc20"
          },
          "sensitive_attributes": [],
          "private": "eyJlMmJmYjczMC1lY2FhLTExZTYtOGY4OC0zNDM2M2JjN2M0YzAiOnsiY3JlYXRlIjo2MDAwMDAwMDAwMDAsImRlbGV0ZSI6OTAwMDAwMDAwMDAwfSwic2NoZW1hX3ZlcnNpb24iOiIxIn0=",
          "dependencies": [
            "aws_default_vpc.default"
          ]
        }
      ]
    }
  ],
  "check_results": null
}
