{
  "version": 4,
  "terraform_version": "1.3.7",
  "serial": 4,
  "lineage": "94ea6868-7a0e-a1a8-9b8b-9c7e4cc236c0",
  "outputs": {},
  "resources": [
    {
      "mode": "managed",
      "type": "aws_iam_user",
      "name": "my_iam_users",
      "provider": "provider[\"registry.terraform.io/hashicorp/aws\"]",
      "instances": [
        {
          "index_key": 0,
          "schema_version": 0,
          "attributes": {
            "arn": "arn:aws:iam::127680565226:user/ranga",
            "force_destroy": false,
            "id": "ranga",
            "name": "ranga",
            "path": "/",
            "permissions_boundary": null,
            "tags": null,
            "tags_all": {},
            "unique_id": "AIDAR3OS2Z7VMEFN5BKI6"
          },
          "sensitive_attributes": [],
          "private": "bnVsbA=="
        },
        {
          "index_key": 1,
          "schema_version": 0,
          "attributes": {
            "arn": "arn:aws:iam::127680565226:user/tom",
            "force_destroy": false,
            "id": "tom",
            "name": "tom",
            "path": "/",
            "permissions_boundary": null,
            "tags": null,
            "tags_all": {},
            "unique_id": "AIDAR3OS2Z7VMAPLUXNTY"
          },
          "sensitive_attributes": [],
          "private": "bnVsbA=="
        },
        {
          "index_key": 2,
          "schema_version": 0,
          "attributes": {
            "arn": "arn:aws:iam::127680565226:user/jane",
            "force_destroy": false,
            "id": "jane",
            "name": "jane",
            "path": "/",
            "permissions_boundary": null,
            "tags": null,
            "tags_all": {},
            "unique_id": "AIDAR3OS2Z7VFRXCYEGUS"
          },
          "sensitive_attributes": [],
          "private": "bnVsbA=="
        }
      ]
    }
  ],
  "check_results": null
}
